
Microsoft Visual Studio Solution File, Format Version 12.00
# Visual Studio Version 17
VisualStudioVersion = 17.5.33424.131
MinimumVisualStudioVersion = 10.0.40219.1
Project("{9A19103F-16F7-4668-BE54-9A1E7A4F7556}") = "BomberMan", "BomberMan\BomberMan.csproj", "{8713EB93-737A-4297-A750-E19EA9DADF1F}"
EndProject
Global
	GlobalSection(SolutionConfigurationPlatforms) = preSolution
		Debug|Any CPU = Debug|Any CPU
		Release|Any CPU = Release|Any CPU
	EndGlobalSection
	GlobalSection(ProjectConfigurationPlatforms) = postSolution
		{8713EB93-737A-4297-A750-E19EA9DADF1F}.Debug|Any CPU.ActiveCfg = Debug|Any CPU
		{8713EB93-737A-4297-A750-E19EA9DADF1F}.Debug|Any CPU.Build.0 = Debug|Any CPU
		{8713EB93-737A-4297-A750-E19EA9DADF1F}.Release|Any CPU.ActiveCfg = Release|Any CPU
		{8713EB93-737A-4297-A750-E19EA9DADF1F}.Release|Any CPU.Build.0 = Release|Any CPU
	EndGlobalSection
	GlobalSection(SolutionProperties) = preSolution
		HideSolutionNode = FALSE
	EndGlobalSection
	GlobalSection(ExtensibilityGlobals) = postSolution
		SolutionGuid = {126DACB2-68B1-4A97-AEA2-29447292EE92}
	EndGlobalSection
EndGlobal
